// !$*UTF8*$!
{
	archiveVersion = 1;
	classes = {
	};
	objectVersion = 46;
	objects = {

/* Begin PBXBuildFile section */
		8B2D579B19654AFB0061D4E5 /* Foundation.framework in Frameworks */ = {isa = PBXBuildFile; fileRef = 8B2D579A19654AFB0061D4E5 /* Foundation.framework */; };
		8B2D579D19654AFB0061D4E5 /* CoreGraphics.framework in Frameworks */ = {isa = PBXBuildFile; fileRef = 8B2D579C19654AFB0061D4E5 /* CoreGraphics.framework */; };
		8B2D579F19654AFB0061D4E5 /* UIKit.framework in Frameworks */ = {isa = PBXBuildFile; fileRef = 8B2D579E19654AFB0061D4E5 /* UIKit.framework */; };
		8B2D57A519654AFB0061D4E5 /* InfoPlist.strings in Resources */ = {isa = PBXBuildFile; fileRef = 8B2D57A319654AFB0061D4E5 /* InfoPlist.strings */; };
		8B2D57A719654AFB0061D4E5 /* main.m in Sources */ = {isa = PBXBuildFile; fileRef = 8B2D57A619654AFB0061D4E5 /* main.m */; };
		8B2D57AB19654AFB0061D4E5 /* ECSAppDelegate.m in Sources */ = {isa = PBXBuildFile; fileRef = 8B2D57AA19654AFB0061D4E5 /* ECSAppDelegate.m */; };
		8B2D57AD19654AFB0061D4E5 /* Images.xcassets in Resources */ = {isa = PBXBuildFile; fileRef = 8B2D57AC19654AFB0061D4E5 /* Images.xcassets */; };
		8B2D57B419654AFB0061D4E5 /* XCTest.framework in Frameworks */ = {isa = PBXBuildFile; fileRef = 8B2D57B319654AFB0061D4E5 /* XCTest.framework */; };
		8B2D57B519654AFB0061D4E5 /* Foundation.framework in Frameworks */ = {isa = PBXBuildFile; fileRef = 8B2D579A19654AFB0061D4E5 /* Foundation.framework */; };
		8B2D57B619654AFB0061D4E5 /* UIKit.framework in Frameworks */ = {isa = PBXBuildFile; fileRef = 8B2D579E19654AFB0061D4E5 /* UIKit.framework */; };
		8B2D57BE19654AFB0061D4E5 /* InfoPlist.strings in Resources */ = {isa = PBXBuildFile; fileRef = 8B2D57BC19654AFB0061D4E5 /* InfoPlist.strings */; };
		8B2D57C019654AFB0061D4E5 /* FindMeGoogleTests.m in Sources */ = {isa = PBXBuildFile; fileRef = 8B2D57BF19654AFB0061D4E5 /* FindMeGoogleTests.m */; };
		8B2D57CC19654B170061D4E5 /* ECSViewController.m in Sources */ = {isa = PBXBuildFile; fileRef = 8B2D57CA19654B170061D4E5 /* ECSViewController.m */; };
		8B2D57CD19654B170061D4E5 /* ECSViewController.xib in Resources */ = {isa = PBXBuildFile; fileRef = 8B2D57CB19654B170061D4E5 /* ECSViewController.xib */; };
/* End PBXBuildFile section */

/* Begin PBXContainerItemProxy section */
		8B2D57B719654AFB0061D4E5 /* PBXContainerItemProxy */ = {
			isa = PBXContainerItemProxy;
			containerPortal = 8B2D578F19654AFB0061D4E5 /* Project object */;
			proxyType = 1;
			remoteGlobalIDString = 8B2D579619654AFB0061D4E5;
			remoteInfo = FindMeGoogle;
		};
/* End PBXContainerItemProxy section */

/* Begin PBXFileReference section */
		8B2D579719654AFB0061D4E5 /* FindMeGoogle.app */ = {isa = PBXFileReference; explicitFileType = wrapper.application; includeInIndex = 0; path = FindMeGoogle.app; sourceTree = BUILT_PRODUCTS_DIR; };
		8B2D579A19654AFB0061D4E5 /* Foundation.framework */ = {isa = PBXFileReference; lastKnownFileType = wrapper.framework; name = Foundation.framework; path = System/Library/Frameworks/Foundation.framework; sourceTree = SDKROOT; };
		8B2D579C19654AFB0061D4E5 /* CoreGraphics.framework */ = {isa = PBXFileReference; lastKnownFileType = wrapper.framework; name = CoreGraphics.framework; path = System/Library/Frameworks/CoreGraphics.framework; sourceTree = SDKROOT; };
		8B2D579E19654AFB0061D4E5 /* UIKit.framework */ = {isa = PBXFileReference; lastKnownFileType = wrapper.framework; name = UIKit.framework; path = System/Library/Frameworks/UIKit.framework; sourceTree = SDKROOT; };
		8B2D57A219654AFB0061D4E5 /* FindMeGoogle-Info.plist */ = {isa = PBXFileReference; lastKnownFileType = text.plist.xml; path = "FindMeGoogle-Info.plist"; sourceTree = "<group>"; };
		8B2D57A419654AFB0061D4E5 /* en */ = {isa = PBXFileReference; lastKnownFileType = text.plist.strings; name = en; path = en.lproj/InfoPlist.strings; sourceTree = "<group>"; };
		8B2D57A619654AFB0061D4E5 /* main.m */ = {isa = PBXFileReference; lastKnownFileType = sourcecode.c.objc; path = main.m; sourceTree = "<group>"; };
		8B2D57A819654AFB0061D4E5 /* FindMeGoogle-Prefix.pch */ = {isa = PBXFileReference; lastKnownFileType = sourcecode.c.h; path = "FindMeGoogle-Prefix.pch"; sourceTree = "<group>"; };
		8B2D57A919654AFB0061D4E5 /* ECSAppDelegate.h */ = {isa = PBXFileReference; lastKnownFileType = sourcecode.c.h; path = ECSAppDelegate.h; sourceTree = "<group>"; };
		8B2D57AA19654AFB0061D4E5 /* ECSAppDelegate.m */ = {isa = PBXFileReference; lastKnownFileType = sourcecode.c.objc; path = ECSAppDelegate.m; sourceTree = "<group>"; };
		8B2D57AC19654AFB0061D4E5 /* Images.xcassets */ = {isa = PBXFileReference; lastKnownFileType = folder.assetcatalog; path = Images.xcassets; sourceTree = "<group>"; };
		8B2D57B219654AFB0061D4E5 /* FindMeGoogleTests.xctest */ = {isa = PBXFileReference; explicitFileType = wrapper.cfbundle; includeInIndex = 0; path = FindMeGoogleTests.xctest; sourceTree = BUILT_PRODUCTS_DIR; };
		8B2D57B319654AFB0061D4E5 /* XCTest.framework */ = {isa = PBXFileReference; lastKnownFileType = wrapper.framework; name = XCTest.framework; path = Library/Frameworks/XCTest.framework; sourceTree = DEVELOPER_DIR; };
		8B2D57BB19654AFB0061D4E5 /* FindMeGoogleTests-Info.plist */ = {isa = PBXFileReference; lastKnownFileType = text.plist.xml; path = "FindMeGoogleTests-Info.plist"; sourceTree = "<group>"; };
		8B2D57BD19654AFB0061D4E5 /* en */ = {isa = PBXFileReference; lastKnownFileType = text.plist.strings; name = en; path = en.lproj/InfoPlist.strings; sourceTree = "<group>"; };
		8B2D57BF19654AFB0061D4E5 /* FindMeGoogleTests.m */ = {isa = PBXFileReference; lastKnownFileType = sourcecode.c.objc; path = FindMeGoogleTests.m; sourceTree = "<group>"; };
		8B2D57C919654B170061D4E5 /* ECSViewController.h */ = {isa = PBXFileReference; fileEncoding = 4; lastKnownFileType = sourcecode.c.h; path = ECSViewController.h; sourceTree = "<group>"; };
		8B2D57CA19654B170061D4E5 /* ECSViewController.m */ = {isa = PBXFileReference; fileEncoding = 4; lastKnownFileType = sourcecode.c.objc; path = ECSViewController.m; sourceTree = "<group>"; };
		8B2D57CB19654B170061D4E5 /* ECSViewController.xib */ = {isa = PBXFileReference; fileEncoding = 4; lastKnownFileType = file.xib; path = ECSViewController.xib; sourceTree = "<group>"; };
/* End PBXFileReference section */

/* Begin PBXFrameworksBuildPhase section */
		8B2D579419654AFB0061D4E5 /* Frameworks */ = {
			isa = PBXFrameworksBuildPhase;
			buildActionMask = 2147483647;
			files = (
				8B2D579D19654AFB0061D4E5 /* CoreGraphics.framework in Frameworks */,
				8B2D579F19654AFB0061D4E5 /* UIKit.framework in Frameworks */,
				8B2D579B19654AFB0061D4E5 /* Foundation.framework in Frameworks */,
			);
			runOnlyForDeploymentPostprocessing = 0;
		};
		8B2D57AF19654AFB0061D4E5 /* Frameworks */ = {
			isa = PBXFrameworksBuildPhase;
			buildActionMask = 2147483647;
			files = (
				8B2D57B419654AFB0061D4E5 /* XCTest.framework in Frameworks */,
				8B2D57B619654AFB0061D4E5 /* UIKit.framework in Frameworks */,
				8B2D57B519654AFB0061D4E5 /* Foundation.framework in Frameworks */,
			);
			runOnlyForDeploymentPostprocessing = 0;
		};
/* End PBXFrameworksBuildPhase section */

/* Begin PBXGroup section */
		8B2D578E19654AFB0061D4E5 = {
			isa = PBXGroup;
			children = (
				8B2D57A019654AFB0061D4E5 /* FindMeGoogle */,
				8B2D57B919654AFB0061D4E5 /* FindMeGoogleTests */,
				8B2D579919654AFB0061D4E5 /* Frameworks */,
				8B2D579819654AFB0061D4E5 /* Products */,
			);
			sourceTree = "<group>";
		};
		8B2D579819654AFB0061D4E5 /* Products */ = {
			isa = PBXGroup;
			children = (
				8B2D579719654AFB0061D4E5 /* FindMeGoogle.app */,
				8B2D57B219654AFB0061D4E5 /* FindMeGoogleTests.xctest */,
			);
			name = Products;
			sourceTree = "<group>";
		};
		8B2D579919654AFB0061D4E5 /* Frameworks */ = {
			isa = PBXGroup;
			children = (
				8B2D579A19654AFB0061D4E5 /* Foundation.framework */,
				8B2D579C19654AFB0061D4E5 /* CoreGraphics.framework */,
				8B2D579E19654AFB0061D4E5 /* UIKit.framework */,
				8B2D57B319654AFB0061D4E5 /* XCTest.framework */,
			);
			name = Frameworks;
			sourceTree = "<group>";
		};
		8B2D57A019654AFB0061D4E5 /* FindMeGoogle */ = {
			isa = PBXGroup;
			children = (
				8B2D57A919654AFB0061D4E5 /* ECSAppDelegate.h */,
				8B2D57AA19654AFB0061D4E5 /* ECSAppDelegate.m */,
				8B2D57C919654B170061D4E5 /* ECSViewController.h */,
				8B2D57CA19654B170061D4E5 /* ECSViewController.m */,
				8B2D57CB19654B170061D4E5 /* ECSViewController.xib */,
				8B2D57AC19654AFB0061D4E5 /* Images.xcassets */,
				8B2D57A119654AFB0061D4E5 /* Supporting Files */,
			);
			path = FindMeGoogle;
			sourceTree = "<group>";
		};
		8B2D57A119654AFB0061D4E5 /* Supporting Files */ = {
			isa = PBXGroup;
			children = (
				8B2D57A219654AFB0061D4E5 /* FindMeGoogle-Info.plist */,
				8B2D57A319654AFB0061D4E5 /* InfoPlist.strings */,
				8B2D57A619654AFB0061D4E5 /* main.m */,
				8B2D57A819654AFB0061D4E5 /* FindMeGoogle-Prefix.pch */,
			);
			name = "Supporting Files";
			sourceTree = "<group>";
		};
		8B2D57B919654AFB0061D4E5 /* FindMeGoogleTests */ = {
			isa = PBXGroup;
			children = (
				8B2D57BF19654AFB0061D4E5 /* FindMeGoogleTests.m */,
				8B2D57BA19654AFB0061D4E5 /* Supporting Files */,
			);
			path = FindMeGoogleTests;
			sourceTree = "<group>";
		};
		8B2D57BA19654AFB0061D4E5 /* Supporting Files */ = {
			isa = PBXGroup;
			children = (
				8B2D57BB19654AFB0061D4E5 /* FindMeGoogleTests-Info.plist */,
				8B2D57BC19654AFB0061D4E5 /* InfoPlist.strings */,
			);
			name = "Supporting Files";
			sourceTree = "<group>";
		};
/* End PBXGroup section */

/* Begin PBXNativeTarget section */
		8B2D579619654AFB0061D4E5 /* FindMeGoogle */ = {
			isa = PBXNativeTarget;
			buildConfigurationList = 8B2D57C319654AFB0061D4E5 /* Build configuration list for PBXNativeTarget "FindMeGoogle" */;
			buildPhases = (
				8B2D579319654AFB0061D4E5 /* Sources */,
				8B2D579419654AFB0061D4E5 /* Frameworks */,
				8B2D579519654AFB0061D4E5 /* Resources */,
			);
			buildRules = (
			);
			dependencies = (
			);
			name = FindMeGoogle;
			productName = FindMeGoogle;
			productReference = 8B2D579719654AFB0061D4E5 /* FindMeGoogle.app */;
			productType = "com.apple.product-type.application";
		};
		8B2D57B119654AFB0061D4E5 /* FindMeGoogleTests */ = {
			isa = PBXNativeTarget;
			buildConfigurationList = 8B2D57C619654AFB0061D4E5 /* Build configuration list for PBXNativeTarget "FindMeGoogleTests" */;
			buildPhases = (
				8B2D57AE19654AFB0061D4E5 /* Sources */,
				8B2D57AF19654AFB0061D4E5 /* Frameworks */,
				8B2D57B019654AFB0061D4E5 /* Resources */,
			);
			buildRules = (
			);
			dependencies = (
				8B2D57B819654AFB0061D4E5 /* PBXTargetDependency */,
			);
			name = FindMeGoogleTests;
			productName = FindMeGoogleTests;
			productReference = 8B2D57B219654AFB0061D4E5 /* FindMeGoogleTests.xctest */;
			productType = "com.apple.product-type.bundle.unit-test";
		};
/* End PBXNativeTarget section */

/* Begin PBXProject section */
		8B2D578F19654AFB0061D4E5 /* Project object */ = {
			isa = PBXProject;
			attributes = {
				CLASSPREFIX = ECS;
				LastUpgradeCheck = 0500;
				ORGANIZATIONNAME = "Lavish Aggarwal";
				TargetAttributes = {
					8B2D57B119654AFB0061D4E5 = {
						TestTargetID = 8B2D579619654AFB0061D4E5;
					};
				};
			};
			buildConfigurationList = 8B2D579219654AFB0061D4E5 /* Build configuration list for PBXProject "FindMeGoogle" */;
			compatibilityVersion = "Xcode 3.2";
			developmentRegion = English;
			hasScannedForEncodings = 0;
			knownRegions = (
				en,
			);
			mainGroup = 8B2D578E19654AFB0061D4E5;
			productRefGroup = 8B2D579819654AFB0061D4E5 /* Products */;
			projectDirPath = "";
			projectRoot = "";
			targets = (
				8B2D579619654AFB0061D4E5 /* FindMeGoogle */,
				8B2D57B119654AFB0061D4E5 /* FindMeGoogleTests */,
			);
		};
/* End PBXProject section */

/* Begin PBXResourcesBuildPhase section */
		8B2D579519654AFB0061D4E5 /* Resources */ = {
			isa = PBXResourcesBuildPhase;
			buildActionMask = 2147483647;
			files = (
				8B2D57CD19654B170061D4E5 /* ECSViewController.xib in Resources */,
				8B2D57A519654AFB0061D4E5 /* InfoPlist.strings in Resources */,
				8B2D57AD19654AFB0061D4E5 /* Images.xcassets in Resources */,
			);
			runOnlyForDeploymentPostprocessing = 0;
		};
		8B2D57B019654AFB0061D4E5 /* Resources */ = {
			isa = PBXResourcesBuildPhase;
			buildActionMask = 2147483647;
			files = (
				8B2D57BE19654AFB0061D4E5 /* InfoPlist.strings in Resources */,
			);
			runOnlyForDeploymentPostprocessing = 0;
		};
/* End PBXResourcesBuildPhase section */

/* Begin PBXSourcesBuildPhase section */
		8B2D579319654AFB0061D4E5 /* Sources */ = {
			isa = PBXSourcesBuildPhase;
			buildActionMask = 2147483647;
			files = (
				8B2D57AB19654AFB0061D4E5 /* ECSAppDelegate.m in Sources */,
				8B2D57CC19654B170061D4E5 /* ECSViewController.m in Sources */,
				8B2D57A719654AFB0061D4E5 /* main.m in Sources */,
			);
			runOnlyForDeploymentPostprocessing = 0;
		};
		8B2D57AE19654AFB0061D4E5 /* Sources */ = {
			isa = PBXSourcesBuildPhase;
			buildActionMask = 2147483647;
			files = (
				8B2D57C019654AFB0061D4E5 /* FindMeGoogleTests.m in Sources */,
			);
			runOnlyForDeploymentPostprocessing = 0;
		};
/* End PBXSourcesBuildPhase section */

/* Begin PBXTargetDependency section */
		8B2D57B819654AFB0061D4E5 /* PBXTargetDependency */ = {
			isa = PBXTargetDependency;
			target = 8B2D579619654AFB0061D4E5 /* FindMeGoogle */;
			targetProxy = 8B2D57B719654AFB0061D4E5 /* PBXContainerItemProxy */;
		};
/* End PBXTargetDependency section */

/* Begin PBXVariantGroup section */
		8B2D57A319654AFB0061D4E5 /* InfoPlist.strings */ = {
			isa = PBXVariantGroup;
			children = (
				8B2D57A419654AFB0061D4E5 /* en */,
			);
			name = InfoPlist.strings;
			sourceTree = "<group>";
		};
		8B2D57BC19654AFB0061D4E5 /* InfoPlist.strings */ = {
			isa = PBXVariantGroup;
			children = (
				8B2D57BD19654AFB0061D4E5 /* en */,
			);
			name = InfoPlist.strings;
			sourceTree = "<group>";
		};
/* End PBXVariantGroup section */

/* Begin XCBuildConfiguration section */
		8B2D57C119654AFB0061D4E5 /* Debug */ = {
			isa = XCBuildConfiguration;
			buildSettings = {
				ALWAYS_SEARCH_USER_PATHS = NO;
				ARCHS = "$(ARCHS_STANDARD_INCLUDING_64_BIT)";
				CLANG_CXX_LANGUAGE_STANDARD = "gnu++0x";
				CLANG_CXX_LIBRARY = "libc++";
				CLANG_ENABLE_MODULES = YES;
				CLANG_ENABLE_OBJC_ARC = YES;
				CLANG_WARN_BOOL_CONVERSION = YES;
				CLANG_WARN_CONSTANT_CONVERSION = YES;
				CLANG_WARN_DIRECT_OBJC_ISA_USAGE = YES_ERROR;
				CLANG_WARN_EMPTY_BODY = YES;
				CLANG_WARN_ENUM_CONVERSION = YES;
				CLANG_WARN_INT_CONVERSION = YES;
				CLANG_WARN_OBJC_ROOT_CLASS = YES_ERROR;
				CLANG_WARN__DUPLICATE_METHOD_MATCH = YES;
				"CODE_SIGN_IDENTITY[sdk=iphoneos*]" = "iPhone Developer";
				COPY_PHASE_STRIP = NO;
				GCC_C_LANGUAGE_STANDARD = gnu99;
				GCC_DYNAMIC_NO_PIC = NO;
				GCC_OPTIMIZATION_LEVEL = 0;
				GCC_PREPROCESSOR_DEFINITIONS = (
					"DEBUG=1",
					"$(inherited)",
				);
				GCC_SYMBOLS_PRIVATE_EXTERN = NO;
				GCC_WARN_64_TO_32_BIT_CONVERSION = YES;
				GCC_WARN_ABOUT_RETURN_TYPE = YES_ERROR;
				GCC_WARN_UNDECLARED_SELECTOR = YES;
				GCC_WARN_UNINITIALIZED_AUTOS = YES;
				GCC_WARN_UNUSED_FUNCTION = YES;
				GCC_WARN_UNUSED_VARIABLE = YES;
				IPHONEOS_DEPLOYMENT_TARGET = 7.0;
				ONLY_ACTIVE_ARCH = YES;
				SDKROOT = iphoneos;
			};
			name = Debug;
		};
		8B2D57C219654AFB0061D4E5 /* Release */ = {
			isa = XCBuildConfiguration;
			buildSettings = {
				ALWAYS_SEARCH_USER_PATHS = NO;
				ARCHS = "$(ARCHS_STANDARD_INCLUDING_64_BIT)";
				CLANG_CXX_LANGUAGE_STANDARD = "gnu++0x";
				CLANG_CXX_LIBRARY = "libc++";
				CLANG_ENABLE_MODULES = YES;
				CLANG_ENABLE_OBJC_ARC = YES;
				CLANG_WARN_BOOL_CONVERSION = YES;
				CLANG_WARN_CONSTANT_CONVERSION = YES;
				CLANG_WARN_DIRECT_OBJC_ISA_USAGE = YES_ERROR;
				CLANG_WARN_EMPTY_BODY = YES;
				CLANG_WARN_ENUM_CONVERSION = YES;
				CLANG_WARN_INT_CONVERSION = YES;
				CLANG_WARN_OBJC_ROOT_CLASS = YES_ERROR;
				CLANG_WARN__DUPLICATE_METHOD_MATCH = YES;
				"CODE_SIGN_IDENTITY[sdk=iphoneos*]" = "iPhone Developer";
				COPY_PHASE_STRIP = YES;
				ENABLE_NS_ASSERTIONS = NO;
				GCC_C_LANGUAGE_STANDARD = gnu99;
				GCC_WARN_64_TO_32_BIT_CONVERSION = YES;
				GCC_WARN_ABOUT_RETURN_TYPE = YES_ERROR;
				GCC_WARN_UNDECLARED_SELECTOR = YES;
				GCC_WARN_UNINITIALIZED_AUTOS = YES;
				GCC_WARN_UNUSED_FUNCTION = YES;
				GCC_WARN_UNUSED_VARIABLE = YES;
				IPHONEOS_DEPLOYMENT_TARGET = 7.0;
				SDKROOT = iphoneos;
				VALIDATE_PRODUCT = YES;
			};
			name = Release;
		};
		8B2D57C419654AFB0061D4E5 /* Debug */ = {
			isa = XCBuildConfiguration;
			buildSettings = {
				ASSETCATALOG_COMPILER_APPICON_NAME = AppIcon;
				ASSETCATALOG_COMPILER_LAUNCHIMAGE_NAME = LaunchImage;
				GCC_PRECOMPILE_PREFIX_HEADER = YES;
				GCC_PREFIX_HEADER = "FindMeGoogle/FindMeGoogle-Prefix.pch";
				INFOPLIST_FILE = "FindMeGoogle/FindMeGoogle-Info.plist";
				PRODUCT_NAME = "$(TARGET_NAME)";
				WRAPPER_EXTENSION = app;
			};
			name = Debug;
		};
		8B2D57C519654AFB0061D4E5 /* Release */ = {
			isa = XCBuildConfiguration;
			buildSettings = {
				ASSETCATALOG_COMPILER_APPICON_NAME = AppIcon;
				ASSETCATALOG_COMPILER_LAUNCHIMAGE_NAME = LaunchImage;
				GCC_PRECOMPILE_PREFIX_HEADER = YES;
				GCC_PREFIX_HEADER = "FindMeGoogle/FindMeGoogle-Prefix.pch";
				INFOPLIST_FILE = "FindMeGoogle/FindMeGoogle-Info.plist";
				PRODUCT_NAME = "$(TARGET_NAME)";
				WRAPPER_EXTENSION = app;
			};
			name = Release;
		};
		8B2D57C719654AFB0061D4E5 /* Debug */ = {
			isa = XCBuildConfiguration;
			buildSettings = {
				ARCHS = "$(ARCHS_STANDARD_INCLUDING_64_BIT)";
				BUNDLE_LOADER = "$(BUILT_PRODUCTS_DIR)/FindMeGoogle.app/FindMeGoogle";
				FRAMEWORK_SEARCH_PATHS = (
					"$(SDKROOT)/Developer/Library/Frameworks",
					"$(inherited)",
					"$(DEVELOPER_FRAMEWORKS_DIR)",
				);
				GCC_PRECOMPILE_PREFIX_HEADER = YES;
				GCC_PREFIX_HEADER = "FindMeGoogle/FindMeGoogle-Prefix.pch";
				GCC_PREPROCESSOR_DEFINITIONS = (
					"DEBUG=1",
					"$(inherited)",
				);
				INFOPLIST_FILE = "FindMeGoogleTests/FindMeGoogleTests-Info.plist";
				PRODUCT_NAME = "$(TARGET_NAME)";
				TEST_HOST = "$(BUNDLE_LOADER)";
				WRAPPER_EXTENSION = xctest;
			};
			name = Debug;
		};
		8B2D57C819654AFB0061D4E5 /* Release */ = {
			isa = XCBuildConfiguration;
			buildSettings = {
				ARCHS = "$(ARCHS_STANDARD_INCLUDING_64_BIT)";
				BUNDLE_LOADER = "$(BUILT_PRODUCTS_DIR)/FindMeGoogle.app/FindMeGoogle";
				FRAMEWORK_SEARCH_PATHS = (
					"$(SDKROOT)/Developer/Library/Frameworks",
					"$(inherited)",
					"$(DEVELOPER_FRAMEWORKS_DIR)",
				);
				GCC_PRECOMPILE_PREFIX_HEADER = YES;
				GCC_PREFIX_HEADER = "FindMeGoogle/FindMeGoogle-Prefix.pch";
				INFOPLIST_FILE = "FindMeGoogleTests/FindMeGoogleTests-Info.plist";
				PRODUCT_NAME = "$(TARGET_NAME)";
				TEST_HOST = "$(BUNDLE_LOADER)";
				WRAPPER_EXTENSION = xctest;
			};
			name = Release;
		};
/* End XCBuildConfiguration section */

/* Begin XCConfigurationList section */
		8B2D579219654AFB0061D4E5 /* Build configuration list for PBXProject "FindMeGoogle" */ = {
			isa = XCConfigurationList;
			buildConfigurations = (
				8B2D57C119654AFB0061D4E5 /* Debug */,
				8B2D57C219654AFB0061D4E5 /* Release */,
			);
			defaultConfigurationIsVisible = 0;
			defaultConfigurationName = Release;
		};
		8B2D57C319654AFB0061D4E5 /* Build configuration list for PBXNativeTarget "FindMeGoogle" */ = {
			isa = XCConfigurationList;
			buildConfigurations = (
				8B2D57C419654AFB0061D4E5 /* Debug */,
				8B2D57C519654AFB0061D4E5 /* Release */,
			);
			defaultConfigurationIsVisible = 0;
		};
		8B2D57C619654AFB0061D4E5 /* Build configuration list for PBXNativeTarget "FindMeGoogleTests" */ = {
			isa = XCConfigurationList;
			buildConfigurations = (
				8B2D57C719654AFB0061D4E5 /* Debug */,
				8B2D57C819654AFB0061D4E5 /* Release */,
			);
			defaultConfigurationIsVisible = 0;
		};
/* End XCConfigurationList section */
	};
	rootObject = 8B2D578F19654AFB0061D4E5 /* Project object */;
}
